
Microsoft Visual Studio Solution File, Format Version 12.00
# Visual Studio Version 17
VisualStudioVersion = 17.14.36705.20
MinimumVisualStudioVersion = 10.0.40219.1
Project("{FAE04EC0-301F-11D3-BF4B-00C04F79EFBC}") = "LearnHttpClient", "learnHttpClient\LearnHttpClient.csproj", "{184EAEE4-DA60-4C1B-851C-3415B07B3DBF}"
EndProject
Project("{2150E333-8FDC-42A3-9474-1A3956D46DE8}") = "Solution Items", "Solution Items", "{8EC462FD-D22E-90A8-E5CE-7E832BA40C5D}"
	ProjectSection(SolutionItems) = preProject
		Tasks.txt = Tasks.txt
	EndProjectSection
EndProject
Project("{FAE04EC0-301F-11D3-BF4B-00C04F79EFBC}") = "LearnHttpClient.Data", "LearnHttpClient.Data\LearnHttpClient.Data.csproj", "{F91DA968-8A94-E3EC-DB7E-6866F72080EB}"
EndProject
Project("{FAE04EC0-301F-11D3-BF4B-00C04F79EFBC}") = "LearnHttpClient.Services", "LearnHttpClient.Services\LearnHttpClient.Services.csproj", "{DFFE4B95-3815-D319-05EB-C0C0541E21EA}"
EndProject
Project("{FAE04EC0-301F-11D3-BF4B-00C04F79EFBC}") = "LearnHttpClient.ServicesTests", "LearnHttpClient.ServicesTests\LearnHttpClient.ServicesTests.csproj", "{B8131655-6BE3-48AB-B4FA-915DC37282D2}"
EndProject
Global
	GlobalSection(SolutionConfigurationPlatforms) = preSolution
		Debug|Any CPU = Debug|Any CPU
		Release|Any CPU = Release|Any CPU
	EndGlobalSection
	GlobalSection(ProjectConfigurationPlatforms) = postSolution
		{184EAEE4-DA60-4C1B-851C-3415B07B3DBF}.Debug|Any CPU.ActiveCfg = Debug|Any CPU
		{184EAEE4-DA60-4C1B-851C-3415B07B3DBF}.Debug|Any CPU.Build.0 = Debug|Any CPU
		{184EAEE4-DA60-4C1B-851C-3415B07B3DBF}.Release|Any CPU.ActiveCfg = Release|Any CPU
		{184EAEE4-DA60-4C1B-851C-3415B07B3DBF}.Release|Any CPU.Build.0 = Release|Any CPU
		{F91DA968-8A94-E3EC-DB7E-6866F72080EB}.Debug|Any CPU.ActiveCfg = Debug|Any CPU
		{F91DA968-8A94-E3EC-DB7E-6866F72080EB}.Debug|Any CPU.Build.0 = Debug|Any CPU
		{F91DA968-8A94-E3EC-DB7E-6866F72080EB}.Release|Any CPU.ActiveCfg = Release|Any CPU
		{F91DA968-8A94-E3EC-DB7E-6866F72080EB}.Release|Any CPU.Build.0 = Release|Any CPU
		{DFFE4B95-3815-D319-05EB-C0C0541E21EA}.Debug|Any CPU.ActiveCfg = Debug|Any CPU
		{DFFE4B95-3815-D319-05EB-C0C0541E21EA}.Debug|Any CPU.Build.0 = Debug|Any CPU
		{DFFE4B95-3815-D319-05EB-C0C0541E21EA}.Release|Any CPU.ActiveCfg = Release|Any CPU
		{DFFE4B95-3815-D319-05EB-C0C0541E21EA}.Release|Any CPU.Build.0 = Release|Any CPU
		{B8131655-6BE3-48AB-B4FA-915DC37282D2}.Debug|Any CPU.ActiveCfg = Debug|Any CPU
		{B8131655-6BE3-48AB-B4FA-915DC37282D2}.Debug|Any CPU.Build.0 = Debug|Any CPU
		{B8131655-6BE3-48AB-B4FA-915DC37282D2}.Release|Any CPU.ActiveCfg = Release|Any CPU
		{B8131655-6BE3-48AB-B4FA-915DC37282D2}.Release|Any CPU.Build.0 = Release|Any CPU
	EndGlobalSection
	GlobalSection(SolutionProperties) = preSolution
		HideSolutionNode = FALSE
	EndGlobalSection
	GlobalSection(ExtensibilityGlobals) = postSolution
		SolutionGuid = {60529014-F594-432C-B222-C0096265286A}
	EndGlobalSection
EndGlobal
