
Microsoft Visual Studio Solution File, Format Version 12.00
# Visual Studio Version 17
VisualStudioVersion = 17.14.36705.20
MinimumVisualStudioVersion = 10.0.40219.1
Project("{FAE04EC0-301F-11D3-BF4B-00C04F79EFBC}") = "LearnHttpClient", "learnHttpClient\LearnHttpClient.csproj", "{184EAEE4-DA60-4C1B-851C-3415B07B3DBF}"
EndProject
Global
	GlobalSection(SolutionConfigurationPlatforms) = preSolution
		Debug|Any CPU = Debug|Any CPU
		Release|Any CPU = Release|Any CPU
	EndGlobalSection
	GlobalSection(ProjectConfigurationPlatforms) = postSolution
		{184EAEE4-DA60-4C1B-851C-3415B07B3DBF}.Debug|Any CPU.ActiveCfg = Debug|Any CPU
		{184EAEE4-DA60-4C1B-851C-3415B07B3DBF}.Debug|Any CPU.Build.0 = Debug|Any CPU
		{184EAEE4-DA60-4C1B-851C-3415B07B3DBF}.Release|Any CPU.ActiveCfg = Release|Any CPU
		{184EAEE4-DA60-4C1B-851C-3415B07B3DBF}.Release|Any CPU.Build.0 = Release|Any CPU
	EndGlobalSection
	GlobalSection(SolutionProperties) = preSolution
		HideSolutionNode = FALSE
	EndGlobalSection
	GlobalSection(ExtensibilityGlobals) = postSolution
		SolutionGuid = {60529014-F594-432C-B222-C0096265286A}
	EndGlobalSection
EndGlobal
